
Microsoft Visual Studio Solution File, Format Version 12.00
# Visual Studio Version 16
VisualStudioVersion = 16.0.31624.102
MinimumVisualStudioVersion = 10.0.40219.1
Project("{FAE04EC0-301F-11D3-BF4B-00C04F79EFBC}") = "project", "project\project.csproj", "{FB7F35BB-0F85-46E5-92DA-BE5113FEFC20}"
EndProject
Global
	GlobalSection(SolutionConfigurationPlatforms) = preSolution
		Debug|Any CPU = Debug|Any CPU
		Debug|x64 = Debug|x64
		Release|Any CPU = Release|Any CPU
		Release|x64 = Release|x64
	EndGlobalSection
	GlobalSection(ProjectConfigurationPlatforms) = postSolution
		{FB7F35BB-0F85-46E5-92DA-BE5113FEFC20}.Debug|Any CPU.ActiveCfg = Debug|Any CPU
		{FB7F35BB-0F85-46E5-92DA-BE5113FEFC20}.Debug|Any CPU.Build.0 = Debug|Any CPU
		{FB7F35BB-0F85-46E5-92DA-BE5113FEFC20}.Debug|x64.ActiveCfg = Debug|x64
		{FB7F35BB-0F85-46E5-92DA-BE5113FEFC20}.Debug|x64.Build.0 = Debug|x64
		{FB7F35BB-0F85-46E5-92DA-BE5113FEFC20}.Release|Any CPU.ActiveCfg = Release|Any CPU
		{FB7F35BB-0F85-46E5-92DA-BE5113FEFC20}.Release|Any CPU.Build.0 = Release|Any CPU
		{FB7F35BB-0F85-46E5-92DA-BE5113FEFC20}.Release|x64.ActiveCfg = Release|x64
		{FB7F35BB-0F85-46E5-92DA-BE5113FEFC20}.Release|x64.Build.0 = Release|x64
	EndGlobalSection
	GlobalSection(SolutionProperties) = preSolution
		HideSolutionNode = FALSE
	EndGlobalSection
	GlobalSection(ExtensibilityGlobals) = postSolution
		SolutionGuid = {B7974A11-E39E-42CC-806A-3E61656EB1C5}
	EndGlobalSection
EndGlobal
